
Microsoft Visual Studio Solution File, Format Version 12.00
# Visual Studio 2012
Project("{FAE04EC0-301F-11D3-BF4B-00C04F79EFBC}") = "ControlPolizas", "ControlPolizas.csproj", "{BC615869-8BA0-43CC-99E9-F0D1670E32D6}"
EndProject
Global
	GlobalSection(SolutionConfigurationPlatforms) = preSolution
		Debug|Any CPU = Debug|Any CPU
		Release|Any CPU = Release|Any CPU
	EndGlobalSection
	GlobalSection(ProjectConfigurationPlatforms) = postSolution
		{BC615869-8BA0-43CC-99E9-F0D1670E32D6}.Debug|Any CPU.ActiveCfg = Debug|Any CPU
		{BC615869-8BA0-43CC-99E9-F0D1670E32D6}.Debug|Any CPU.Build.0 = Debug|Any CPU
		{BC615869-8BA0-43CC-99E9-F0D1670E32D6}.Release|Any CPU.ActiveCfg = Release|Any CPU
		{BC615869-8BA0-43CC-99E9-F0D1670E32D6}.Release|Any CPU.Build.0 = Release|Any CPU
	EndGlobalSection
EndGlobal
